
Microsoft Visual Studio Solution File, Format Version 12.00
# Visual Studio Version 16
VisualStudioVersion = 16.0.30320.27
MinimumVisualStudioVersion = 10.0.40219.1
Project("{FAE04EC0-301F-11D3-BF4B-00C04F79EFBC}") = "ProxyGrabber", "ProxyGrabber\ProxyGrabber.csproj", "{62BA8BBD-58B5-425C-866E-FCA7B8F5EC0A}"
EndProject
Project("{FAE04EC0-301F-11D3-BF4B-00C04F79EFBC}") = "ScrollSynchronizer", "ScrollSynchronizer\ScrollSynchronizer.csproj", "{F518CEEA-7343-4D72-8567-6DCA115AB6F7}"
EndProject
Global
	GlobalSection(SolutionConfigurationPlatforms) = preSolution
		Debug|Any CPU = Debug|Any CPU
		Release|Any CPU = Release|Any CPU
	EndGlobalSection
	GlobalSection(ProjectConfigurationPlatforms) = postSolution
		{62BA8BBD-58B5-425C-866E-FCA7B8F5EC0A}.Debug|Any CPU.ActiveCfg = Debug|Any CPU
		{62BA8BBD-58B5-425C-866E-FCA7B8F5EC0A}.Debug|Any CPU.Build.0 = Debug|Any CPU
		{62BA8BBD-58B5-425C-866E-FCA7B8F5EC0A}.Release|Any CPU.ActiveCfg = Release|Any CPU
		{62BA8BBD-58B5-425C-866E-FCA7B8F5EC0A}.Release|Any CPU.Build.0 = Release|Any CPU
		{F518CEEA-7343-4D72-8567-6DCA115AB6F7}.Debug|Any CPU.ActiveCfg = Debug|Any CPU
		{F518CEEA-7343-4D72-8567-6DCA115AB6F7}.Debug|Any CPU.Build.0 = Debug|Any CPU
		{F518CEEA-7343-4D72-8567-6DCA115AB6F7}.Release|Any CPU.ActiveCfg = Release|Any CPU
		{F518CEEA-7343-4D72-8567-6DCA115AB6F7}.Release|Any CPU.Build.0 = Release|Any CPU
	EndGlobalSection
	GlobalSection(SolutionProperties) = preSolution
		HideSolutionNode = FALSE
	EndGlobalSection
	GlobalSection(ExtensibilityGlobals) = postSolution
		SolutionGuid = {9A697163-D10C-4092-94EE-39F1CA18B776}
	EndGlobalSection
EndGlobal
